
Microsoft Visual Studio Solution File, Format Version 12.00
# Visual Studio Version 17
VisualStudioVersion = 17.7.34031.279
MinimumVisualStudioVersion = 10.0.40219.1
Project("{FAE04EC0-301F-11D3-BF4B-00C04F79EFBC}") = "deneme1", "deneme1\deneme1.csproj", "{621D1B81-EB7A-4D50-9455-B7FBDADBD5A0}"
EndProject
Global
	GlobalSection(SolutionConfigurationPlatforms) = preSolution
		Debug|Any CPU = Debug|Any CPU
		Release|Any CPU = Release|Any CPU
	EndGlobalSection
	GlobalSection(ProjectConfigurationPlatforms) = postSolution
		{621D1B81-EB7A-4D50-9455-B7FBDADBD5A0}.Debug|Any CPU.ActiveCfg = Debug|Any CPU
		{621D1B81-EB7A-4D50-9455-B7FBDADBD5A0}.Debug|Any CPU.Build.0 = Debug|Any CPU
		{621D1B81-EB7A-4D50-9455-B7FBDADBD5A0}.Release|Any CPU.ActiveCfg = Release|Any CPU
		{621D1B81-EB7A-4D50-9455-B7FBDADBD5A0}.Release|Any CPU.Build.0 = Release|Any CPU
	EndGlobalSection
	GlobalSection(SolutionProperties) = preSolution
		HideSolutionNode = FALSE
	EndGlobalSection
	GlobalSection(ExtensibilityGlobals) = postSolution
		SolutionGuid = {0B78CEFE-CFBE-47E3-B64B-0BECD6EB29D1}
	EndGlobalSection
EndGlobal
